
Microsoft Visual Studio Solution File, Format Version 12.00
# Visual Studio Version 17
VisualStudioVersion = 17.5.33530.505
MinimumVisualStudioVersion = 10.0.40219.1
Project("{9A19103F-16F7-4668-BE54-9A1E7A4F7556}") = "LensEyed", "LensEyed.csproj", "{6A5BDB89-319D-469B-A6ED-400CD1A28B53}"
EndProject
Global
	GlobalSection(SolutionConfigurationPlatforms) = preSolution
		Debug|Any CPU = Debug|Any CPU
		Release|Any CPU = Release|Any CPU
	EndGlobalSection
	GlobalSection(ProjectConfigurationPlatforms) = postSolution
		{6A5BDB89-319D-469B-A6ED-400CD1A28B53}.Debug|Any CPU.ActiveCfg = Debug|Any CPU
		{6A5BDB89-319D-469B-A6ED-400CD1A28B53}.Debug|Any CPU.Build.0 = Debug|Any CPU
		{6A5BDB89-319D-469B-A6ED-400CD1A28B53}.Debug|Any CPU.Deploy.0 = Debug|Any CPU
		{6A5BDB89-319D-469B-A6ED-400CD1A28B53}.Release|Any CPU.ActiveCfg = Release|Any CPU
		{6A5BDB89-319D-469B-A6ED-400CD1A28B53}.Release|Any CPU.Build.0 = Release|Any CPU
		{6A5BDB89-319D-469B-A6ED-400CD1A28B53}.Release|Any CPU.Deploy.0 = Release|Any CPU
	EndGlobalSection
	GlobalSection(SolutionProperties) = preSolution
		HideSolutionNode = FALSE
	EndGlobalSection
	GlobalSection(ExtensibilityGlobals) = postSolution
		SolutionGuid = {90814729-CE14-4E44-93D8-EE2733F66735}
	EndGlobalSection
EndGlobal
